
Microsoft Visual Studio Solution File, Format Version 12.00
Project("{FAE04EC0-301F-11D3-BF4B-00C04F79EFBC}") = "CarServices.Api", "CarServices.Api\CarServices.Api.csproj", "{4D7D7D43-96EF-41F1-B7A0-E8AC308875EC}"
EndProject
Project("{FAE04EC0-301F-11D3-BF4B-00C04F79EFBC}") = "OperationResult", "OperationResult\OperationResult.csproj", "{1F019CFA-E94F-4364-8E92-0C6BDCFE4F9F}"
EndProject
Global
	GlobalSection(SolutionConfigurationPlatforms) = preSolution
		Debug|Any CPU = Debug|Any CPU
		Release|Any CPU = Release|Any CPU
	EndGlobalSection
	GlobalSection(ProjectConfigurationPlatforms) = postSolution
		{4D7D7D43-96EF-41F1-B7A0-E8AC308875EC}.Debug|Any CPU.ActiveCfg = Debug|Any CPU
		{4D7D7D43-96EF-41F1-B7A0-E8AC308875EC}.Debug|Any CPU.Build.0 = Debug|Any CPU
		{4D7D7D43-96EF-41F1-B7A0-E8AC308875EC}.Release|Any CPU.ActiveCfg = Release|Any CPU
		{4D7D7D43-96EF-41F1-B7A0-E8AC308875EC}.Release|Any CPU.Build.0 = Release|Any CPU
		{1F019CFA-E94F-4364-8E92-0C6BDCFE4F9F}.Debug|Any CPU.ActiveCfg = Debug|Any CPU
		{1F019CFA-E94F-4364-8E92-0C6BDCFE4F9F}.Debug|Any CPU.Build.0 = Debug|Any CPU
		{1F019CFA-E94F-4364-8E92-0C6BDCFE4F9F}.Release|Any CPU.ActiveCfg = Release|Any CPU
		{1F019CFA-E94F-4364-8E92-0C6BDCFE4F9F}.Release|Any CPU.Build.0 = Release|Any CPU
	EndGlobalSection
EndGlobal
